
Microsoft Visual Studio Solution File, Format Version 12.00
# Visual Studio Version 16
VisualStudioVersion = 16.0.30002.166
MinimumVisualStudioVersion = 10.0.40219.1
Project("{FAE04EC0-301F-11D3-BF4B-00C04F79EFBC}") = "ClaimsTriangle", "ClaimsTriangle\ClaimsTriangle.csproj", "{8726EDA7-2AF1-4CDF-881E-07445F98E64A}"
EndProject
Project("{FAE04EC0-301F-11D3-BF4B-00C04F79EFBC}") = "ClaimsTriangleUnitTests", "ClaimsTriangleUnitTests\ClaimsTriangleUnitTests.csproj", "{4AACFEDA-85FF-4C9C-9D5E-24DE31950E38}"
EndProject
Global
	GlobalSection(SolutionConfigurationPlatforms) = preSolution
		Debug|Any CPU = Debug|Any CPU
		Release|Any CPU = Release|Any CPU
	EndGlobalSection
	GlobalSection(ProjectConfigurationPlatforms) = postSolution
		{8726EDA7-2AF1-4CDF-881E-07445F98E64A}.Debug|Any CPU.ActiveCfg = Debug|Any CPU
		{8726EDA7-2AF1-4CDF-881E-07445F98E64A}.Debug|Any CPU.Build.0 = Debug|Any CPU
		{8726EDA7-2AF1-4CDF-881E-07445F98E64A}.Release|Any CPU.ActiveCfg = Release|Any CPU
		{8726EDA7-2AF1-4CDF-881E-07445F98E64A}.Release|Any CPU.Build.0 = Release|Any CPU
		{4AACFEDA-85FF-4C9C-9D5E-24DE31950E38}.Debug|Any CPU.ActiveCfg = Debug|Any CPU
		{4AACFEDA-85FF-4C9C-9D5E-24DE31950E38}.Debug|Any CPU.Build.0 = Debug|Any CPU
		{4AACFEDA-85FF-4C9C-9D5E-24DE31950E38}.Release|Any CPU.ActiveCfg = Release|Any CPU
		{4AACFEDA-85FF-4C9C-9D5E-24DE31950E38}.Release|Any CPU.Build.0 = Release|Any CPU
	EndGlobalSection
	GlobalSection(SolutionProperties) = preSolution
		HideSolutionNode = FALSE
	EndGlobalSection
	GlobalSection(ExtensibilityGlobals) = postSolution
		SolutionGuid = {1990DB95-BF83-4355-AEE3-A18F156ECA71}
	EndGlobalSection
EndGlobal
